
Microsoft Visual Studio Solution File, Format Version 12.00
# Visual Studio Version 17
VisualStudioVersion = 17.11.35327.3
MinimumVisualStudioVersion = 10.0.40219.1
Project("{FAE04EC0-301F-11D3-BF4B-00C04F79EFBC}") = "Tracking System", "Tracking System\Tracking System.csproj", "{8BE7B64B-12B1-4E4B-B906-1CC00B5DD05B}"
EndProject
Global
	GlobalSection(SolutionConfigurationPlatforms) = preSolution
		Debug|Any CPU = Debug|Any CPU
		Release|Any CPU = Release|Any CPU
	EndGlobalSection
	GlobalSection(ProjectConfigurationPlatforms) = postSolution
		{8BE7B64B-12B1-4E4B-B906-1CC00B5DD05B}.Debug|Any CPU.ActiveCfg = Debug|Any CPU
		{8BE7B64B-12B1-4E4B-B906-1CC00B5DD05B}.Debug|Any CPU.Build.0 = Debug|Any CPU
		{8BE7B64B-12B1-4E4B-B906-1CC00B5DD05B}.Release|Any CPU.ActiveCfg = Release|Any CPU
		{8BE7B64B-12B1-4E4B-B906-1CC00B5DD05B}.Release|Any CPU.Build.0 = Release|Any CPU
	EndGlobalSection
	GlobalSection(SolutionProperties) = preSolution
		HideSolutionNode = FALSE
	EndGlobalSection
	GlobalSection(ExtensibilityGlobals) = postSolution
		SolutionGuid = {44035EDD-C86A-42E4-B8D8-35E2A856BA68}
	EndGlobalSection
EndGlobal
